<?xml version="1.0" encoding="utf-8"?>
<Project ToolsVersion="4.0" xmlns="http://schemas.microsoft.com/developer/msbuild/2003">
  <ItemGroup>
    <Filter Include="Archivos de origen">
      <UniqueIdentifier>{4FC737F1-C7A5-4376-A066-2A32D752A2FF}</UniqueIdentifier>
      <Extensions>cpp;c;cc;cxx;c++;cppm;ixx;def;odl;idl;hpj;bat;asm;asmx</Extensions>
    </Filter>
    <Filter Include="Archivos de encabezado">
      <UniqueIdentifier>{93995380-89BD-4b04-88EB-625FBE52EBFB}</UniqueIdentifier>
      <Extensions>h;hh;hpp;hxx;h++;hm;inl;inc;ipp;xsd</Extensions>
    </Filter>
    <Filter Include="Archivos de recursos">
      <UniqueIdentifier>{67DA6AB6-F800-4c08-8B7A-83BB121AAD01}</UniqueIdentifier>
      <Extensions>rc;ico;cur;bmp;dlg;rc2;rct;bin;rgs;gif;jpg;jpeg;jpe;resx;tiff;tif;png;wav;mfcribbon-ms</Extensions>
    </Filter>
    <Filter Include="Archivos de encabezado\Listas">
      <UniqueIdentifier>{938002f9-8bea-4f35-bce2-b1a969790a8f}</UniqueIdentifier>
    </Filter>
    <Filter Include="Archivos de encabezado\MenusListaSimple">
      <UniqueIdentifier>{2b18dea3-2193-4497-b7c9-f68814a2576f}</UniqueIdentifier>
    </Filter>
    <Filter Include="Archivos de origen\Listas">
      <UniqueIdentifier>{6434d2b9-034b-473f-872a-572c18f51cea}</UniqueIdentifier>
    </Filter>
    <Filter Include="Archivos de origen\MenuListaSimple">
      <UniqueIdentifier>{6a2c0ba1-593b-45da-89fb-3cd65eb33ed3}</UniqueIdentifier>
    </Filter>
    <Filter Include="Archivos de origen\MenuListaCircular">
      <UniqueIdentifier>{134ac82b-1120-49c1-b8fc-ab6455c7ed95}</UniqueIdentifier>
    </Filter>
    <Filter Include="Archivos de origen\MenuListaCircularDoble">
      <UniqueIdentifier>{a77914b4-6027-428f-bce1-3e533b216cf3}</UniqueIdentifier>
    </Filter>
    <Filter Include="Archivos de encabezado\MenuListaDoble">
      <UniqueIdentifier>{f7ce4d8c-d0c0-4d61-8c63-ca06351128cd}</UniqueIdentifier>
    </Filter>
    <Filter Include="Archivos de origen\MenuListaDoble">
      <UniqueIdentifier>{3d51567a-515b-4faa-a0f3-c63316bba7ae}</UniqueIdentifier>
    </Filter>
    <Filter Include="Archivos de encabezado\MenuListaCircular">
      <UniqueIdentifier>{efd86557-eb8e-4824-9237-8b49977426d9}</UniqueIdentifier>
    </Filter>
    <Filter Include="Archivos de encabezado\MenuListaCircularDoble">
      <UniqueIdentifier>{e9cb0762-0123-44dd-ae6d-35cea07462ea}</UniqueIdentifier>
    </Filter>
  </ItemGroup>
  <ItemGroup>
    <ClInclude Include="Persona.h">
      <Filter>Archivos de encabezado</Filter>
    </ClInclude>
    <ClInclude Include="MenuPrincipalGeneral.h">
      <Filter>Archivos de encabezado</Filter>
    </ClInclude>
    <ClInclude Include="Listas\ListaCircular.h">
      <Filter>Archivos de encabezado\Listas</Filter>
    </ClInclude>
    <ClInclude Include="Listas\ListaCircularDoble.h">
      <Filter>Archivos de encabezado\Listas</Filter>
    </ClInclude>
    <ClInclude Include="Listas\ListaDoble.h">
      <Filter>Archivos de encabezado\Listas</Filter>
    </ClInclude>
    <ClInclude Include="Listas\ListaSimple.h">
      <Filter>Archivos de encabezado\Listas</Filter>
    </ClInclude>
    <ClInclude Include="MenuListasSimples\menuBurbujaLS.h">
      <Filter>Archivos de encabezado\MenusListaSimple</Filter>
    </ClInclude>
    <ClInclude Include="MenuListasSimples\menuDistribucionLS.h">
      <Filter>Archivos de encabezado\MenusListaSimple</Filter>
    </ClInclude>
    <ClInclude Include="MenuListasSimples\menuIntercambioLS.h">
      <Filter>Archivos de encabezado\MenusListaSimple</Filter>
    </ClInclude>
    <ClInclude Include="MenuListasSimples\menuQuickSortLS.h">
      <Filter>Archivos de encabezado\MenusListaSimple</Filter>
    </ClInclude>
    <ClInclude Include="MenuListasSimples\menuRadixLS.h">
      <Filter>Archivos de encabezado\MenusListaSimple</Filter>
    </ClInclude>
    <ClInclude Include="MenuListasSimples\menuShellSortLS.h">
      <Filter>Archivos de encabezado\MenusListaSimple</Filter>
    </ClInclude>
    <ClInclude Include="MenuListasSimples\MenuPrincipalListaSimple.h">
      <Filter>Archivos de encabezado\MenusListaSimple</Filter>
    </ClInclude>
    <ClInclude Include="MenuListasDobles\menuBurbujaLD.h">
      <Filter>Archivos de encabezado\MenuListaDoble</Filter>
    </ClInclude>
    <ClInclude Include="MenuListasDobles\menuDistribucionLD.h">
      <Filter>Archivos de encabezado\MenuListaDoble</Filter>
    </ClInclude>
    <ClInclude Include="MenuListasDobles\menuIntercambioLD.h">
      <Filter>Archivos de encabezado\MenuListaDoble</Filter>
    </ClInclude>
    <ClInclude Include="MenuListasDobles\MenuPrincipalListaDoble.h">
      <Filter>Archivos de encabezado\MenuListaDoble</Filter>
    </ClInclude>
    <ClInclude Include="MenuListasDobles\menuQuickSortLD.h">
      <Filter>Archivos de encabezado\MenuListaDoble</Filter>
    </ClInclude>
    <ClInclude Include="MenuListasDobles\menuRadixLD.h">
      <Filter>Archivos de encabezado\MenuListaDoble</Filter>
    </ClInclude>
    <ClInclude Include="MenuListasDobles\menuShellSortLD.h">
      <Filter>Archivos de encabezado\MenuListaDoble</Filter>
    </ClInclude>
    <ClInclude Include="MenuListasCirculares\menuBurbujaLC.h">
      <Filter>Archivos de encabezado\MenuListaCircular</Filter>
    </ClInclude>
    <ClInclude Include="MenuListasCirculares\menuDistribucionLC.h">
      <Filter>Archivos de encabezado\MenuListaCircular</Filter>
    </ClInclude>
    <ClInclude Include="MenuListasCirculares\menuIntercambioLC.h">
      <Filter>Archivos de encabezado\MenuListaCircular</Filter>
    </ClInclude>
    <ClInclude Include="MenuListasCirculares\menuQuickSortLC.h">
      <Filter>Archivos de encabezado\MenuListaCircular</Filter>
    </ClInclude>
    <ClInclude Include="MenuListasCirculares\menuRadixLC.h">
      <Filter>Archivos de encabezado\MenuListaCircular</Filter>
    </ClInclude>
    <ClInclude Include="MenuListasCirculares\menuShellSortLC.h">
      <Filter>Archivos de encabezado\MenuListaCircular</Filter>
    </ClInclude>
    <ClInclude Include="MenuListasCircularesDobles\menuDistribucionLCD.h">
      <Filter>Archivos de encabezado\MenuListaCircularDoble</Filter>
    </ClInclude>
    <ClInclude Include="MenuListasCircularesDobles\menuBurbujaLCD.h">
      <Filter>Archivos de encabezado\MenuListaCircularDoble</Filter>
    </ClInclude>
    <ClInclude Include="MenuListasCircularesDobles\menuIntercambioLCD.h">
      <Filter>Archivos de encabezado\MenuListaCircularDoble</Filter>
    </ClInclude>
    <ClInclude Include="MenuListasCircularesDobles\menuQuickSortLCD.h">
      <Filter>Archivos de encabezado\MenuListaCircularDoble</Filter>
    </ClInclude>
    <ClInclude Include="MenuListasCircularesDobles\menuRadixLCD.h">
      <Filter>Archivos de encabezado\MenuListaCircularDoble</Filter>
    </ClInclude>
    <ClInclude Include="MenuListasCircularesDobles\menuShellSortLCD.h">
      <Filter>Archivos de encabezado\MenuListaCircularDoble</Filter>
    </ClInclude>
    <ClInclude Include="MenuListasCirculares\MenuPrincipalListaCircular.h">
      <Filter>Archivos de encabezado\MenuListaCircular</Filter>
    </ClInclude>
    <ClInclude Include="MenuListasCircularesDobles\MenuPrincipalListaCircularDoble.h">
      <Filter>Archivos de encabezado\MenuListaCircularDoble</Filter>
    </ClInclude>
  </ItemGroup>
  <ItemGroup>
    <ClCompile Include="main.cpp">
      <Filter>Archivos de origen</Filter>
    </ClCompile>
    <ClCompile Include="MenuPrincipalGeneral.cpp">
      <Filter>Archivos de origen</Filter>
    </ClCompile>
    <ClCompile Include="Persona.cpp">
      <Filter>Archivos de origen</Filter>
    </ClCompile>
    <ClCompile Include="Listas\ListaCircular.cpp">
      <Filter>Archivos de origen\Listas</Filter>
    </ClCompile>
    <ClCompile Include="Listas\ListaCircularDoble.cpp">
      <Filter>Archivos de origen\Listas</Filter>
    </ClCompile>
    <ClCompile Include="Listas\ListaDoble.cpp">
      <Filter>Archivos de origen\Listas</Filter>
    </ClCompile>
    <ClCompile Include="Listas\ListaSimple.cpp">
      <Filter>Archivos de origen\Listas</Filter>
    </ClCompile>
    <ClCompile Include="MenuListasSimples\menuBurbujaLS.cpp">
      <Filter>Archivos de origen\MenuListaSimple</Filter>
    </ClCompile>
    <ClCompile Include="MenuListasSimples\menuDistribucionLS.cpp">
      <Filter>Archivos de origen\MenuListaSimple</Filter>
    </ClCompile>
    <ClCompile Include="MenuListasSimples\menuIntercambioLS.cpp">
      <Filter>Archivos de origen\MenuListaSimple</Filter>
    </ClCompile>
    <ClCompile Include="MenuListasSimples\MenuPrincipalListaSimple.cpp">
      <Filter>Archivos de origen\MenuListaSimple</Filter>
    </ClCompile>
    <ClCompile Include="MenuListasSimples\menuQuickSortLS.cpp">
      <Filter>Archivos de origen\MenuListaSimple</Filter>
    </ClCompile>
    <ClCompile Include="MenuListasSimples\menuRadixLS.cpp">
      <Filter>Archivos de origen\MenuListaSimple</Filter>
    </ClCompile>
    <ClCompile Include="MenuListasSimples\menuShellSortLS.cpp">
      <Filter>Archivos de origen\MenuListaSimple</Filter>
    </ClCompile>
    <ClCompile Include="MenuListasDobles\menuBurbujaLD.cpp">
      <Filter>Archivos de origen\MenuListaDoble</Filter>
    </ClCompile>
    <ClCompile Include="MenuListasDobles\menuDistribucionLD.cpp">
      <Filter>Archivos de origen\MenuListaDoble</Filter>
    </ClCompile>
    <ClCompile Include="MenuListasDobles\menuIntercambioLD.cpp">
      <Filter>Archivos de origen\MenuListaDoble</Filter>
    </ClCompile>
    <ClCompile Include="MenuListasDobles\MenuPrincipalListaDoble.cpp">
      <Filter>Archivos de origen\MenuListaDoble</Filter>
    </ClCompile>
    <ClCompile Include="MenuListasDobles\menuQuickSortLD.cpp">
      <Filter>Archivos de origen\MenuListaDoble</Filter>
    </ClCompile>
    <ClCompile Include="MenuListasDobles\menuRadixLD.cpp">
      <Filter>Archivos de origen\MenuListaDoble</Filter>
    </ClCompile>
    <ClCompile Include="MenuListasDobles\menuShellSortLD.cpp">
      <Filter>Archivos de origen\MenuListaDoble</Filter>
    </ClCompile>
    <ClCompile Include="MenuListasCirculares\menuBurbujaLC.cpp">
      <Filter>Archivos de origen\MenuListaCircular</Filter>
    </ClCompile>
    <ClCompile Include="MenuListasCirculares\menuDistribucionLC.cpp">
      <Filter>Archivos de origen\MenuListaCircular</Filter>
    </ClCompile>
    <ClCompile Include="MenuListasCirculares\menuIntercambioLC.cpp">
      <Filter>Archivos de origen\MenuListaCircular</Filter>
    </ClCompile>
    <ClCompile Include="MenuListasCirculares\menuQuickSortLC.cpp">
      <Filter>Archivos de origen\MenuListaCircular</Filter>
    </ClCompile>
    <ClCompile Include="MenuListasCirculares\menuRadixLC.cpp">
      <Filter>Archivos de origen\MenuListaCircular</Filter>
    </ClCompile>
    <ClCompile Include="MenuListasCirculares\menuShellSortLC.cpp">
      <Filter>Archivos de origen\MenuListaCircular</Filter>
    </ClCompile>
    <ClCompile Include="MenuListasCircularesDobles\menuBurbujaLCD.cpp">
      <Filter>Archivos de origen\MenuListaCircularDoble</Filter>
    </ClCompile>
    <ClCompile Include="MenuListasCircularesDobles\menuDistribucionLCD.cpp">
      <Filter>Archivos de origen\MenuListaCircularDoble</Filter>
    </ClCompile>
    <ClCompile Include="MenuListasCircularesDobles\menuIntercambioLCD.cpp">
      <Filter>Archivos de origen\MenuListaCircularDoble</Filter>
    </ClCompile>
    <ClCompile Include="MenuListasCircularesDobles\menuQuickSortLCD.cpp">
      <Filter>Archivos de origen\MenuListaCircularDoble</Filter>
    </ClCompile>
    <ClCompile Include="MenuListasCircularesDobles\menuRadixLCD.cpp">
      <Filter>Archivos de origen\MenuListaCircularDoble</Filter>
    </ClCompile>
    <ClCompile Include="MenuListasCircularesDobles\menuShellSortLCD.cpp">
      <Filter>Archivos de origen\MenuListaCircularDoble</Filter>
    </ClCompile>
    <ClCompile Include="MenuListasCirculares\MenuPrincipalListaCircular.cpp">
      <Filter>Archivos de origen\MenuListaCircular</Filter>
    </ClCompile>
    <ClCompile Include="MenuListasCircularesDobles\MenuPrincipalListaCircularDoble.cpp">
      <Filter>Archivos de origen\MenuListaCircularDoble</Filter>
    </ClCompile>
  </ItemGroup>
</Project>