<?xml version="1.0" encoding="utf-8"?>
<Project ToolsVersion="4.0" xmlns="http://schemas.microsoft.com/developer/msbuild/2003">
  <ItemGroup>
    <Filter Include="Archivos de origen">
      <UniqueIdentifier>{4FC737F1-C7A5-4376-A066-2A32D752A2FF}</UniqueIdentifier>
      <Extensions>cpp;c;cc;cxx;c++;cppm;ixx;def;odl;idl;hpj;bat;asm;asmx</Extensions>
    </Filter>
    <Filter Include="Archivos de encabezado">
      <UniqueIdentifier>{93995380-89BD-4b04-88EB-625FBE52EBFB}</UniqueIdentifier>
      <Extensions>h;hh;hpp;hxx;h++;hm;inl;inc;ipp;xsd</Extensions>
    </Filter>
    <Filter Include="Archivos de recursos">
      <UniqueIdentifier>{67DA6AB6-F800-4c08-8B7A-83BB121AAD01}</UniqueIdentifier>
      <Extensions>rc;ico;cur;bmp;dlg;rc2;rct;bin;rgs;gif;jpg;jpeg;jpe;resx;tiff;tif;png;wav;mfcribbon-ms</Extensions>
    </Filter>
    <Filter Include="Archivos de encabezado\Listas">
      <UniqueIdentifier>{938002f9-8bea-4f35-bce2-b1a969790a8f}</UniqueIdentifier>
    </Filter>
    <Filter Include="Archivos de encabezado\MenusListaSimple">
      <UniqueIdentifier>{2b18dea3-2193-4497-b7c9-f68814a2576f}</UniqueIdentifier>
    </Filter>
    <Filter Include="Archivos de origen\Listas">
      <UniqueIdentifier>{6434d2b9-034b-473f-872a-572c18f51cea}</UniqueIdentifier>
    </Filter>
    <Filter Include="Archivos de origen\MenuListaSimple">
      <UniqueIdentifier>{6a2c0ba1-593b-45da-89fb-3cd65eb33ed3}</UniqueIdentifier>
    </Filter>
    <Filter Include="Archivos de origen\MenuListaDoble">
      <UniqueIdentifier>{3d51567a-515b-4faa-a0f3-c63316bba7ae}</UniqueIdentifier>
    </Filter>
    <Filter Include="Archivos de origen\MenuListaCircular">
      <UniqueIdentifier>{134ac82b-1120-49c1-b8fc-ab6455c7ed95}</UniqueIdentifier>
    </Filter>
    <Filter Include="Archivos de origen\MenuListaCircularDoble">
      <UniqueIdentifier>{a77914b4-6027-428f-bce1-3e533b216cf3}</UniqueIdentifier>
    </Filter>
  </ItemGroup>
  <ItemGroup>
    <ClInclude Include="Persona.h">
      <Filter>Archivos de encabezado</Filter>
    </ClInclude>
    <ClInclude Include="ListaCircular.h">
      <Filter>Archivos de encabezado\Listas</Filter>
    </ClInclude>
    <ClInclude Include="ListaCircularDoble.h">
      <Filter>Archivos de encabezado\Listas</Filter>
    </ClInclude>
    <ClInclude Include="ListaDoble.h">
      <Filter>Archivos de encabezado\Listas</Filter>
    </ClInclude>
    <ClInclude Include="ListaSimple.h">
      <Filter>Archivos de encabezado\Listas</Filter>
    </ClInclude>
    <ClInclude Include="menuBurbuja.h">
      <Filter>Archivos de encabezado\MenusListaSimple</Filter>
    </ClInclude>
    <ClInclude Include="menuDistribucion.h">
      <Filter>Archivos de encabezado\MenusListaSimple</Filter>
    </ClInclude>
    <ClInclude Include="menuIntercambio.h">
      <Filter>Archivos de encabezado\MenusListaSimple</Filter>
    </ClInclude>
    <ClInclude Include="MenuPrincipalListaSimple.h">
      <Filter>Archivos de encabezado\MenusListaSimple</Filter>
    </ClInclude>
    <ClInclude Include="menuQuickSort.h">
      <Filter>Archivos de encabezado\MenusListaSimple</Filter>
    </ClInclude>
    <ClInclude Include="menuRadix.h">
      <Filter>Archivos de encabezado\MenusListaSimple</Filter>
    </ClInclude>
    <ClInclude Include="menuShellSort.h">
      <Filter>Archivos de encabezado\MenusListaSimple</Filter>
    </ClInclude>
    <ClInclude Include="MenuPrincipalGeneral.h">
      <Filter>Archivos de encabezado</Filter>
    </ClInclude>
  </ItemGroup>
  <ItemGroup>
    <ClCompile Include="main.cpp">
      <Filter>Archivos de origen</Filter>
    </ClCompile>
    <ClCompile Include="MenuPrincipalGeneral.cpp">
      <Filter>Archivos de origen</Filter>
    </ClCompile>
    <ClCompile Include="Persona.cpp">
      <Filter>Archivos de origen</Filter>
    </ClCompile>
    <ClCompile Include="ListaCircular.cpp">
      <Filter>Archivos de origen\Listas</Filter>
    </ClCompile>
    <ClCompile Include="ListaCircularDoble.cpp">
      <Filter>Archivos de origen\Listas</Filter>
    </ClCompile>
    <ClCompile Include="ListaDoble.cpp">
      <Filter>Archivos de origen\Listas</Filter>
    </ClCompile>
    <ClCompile Include="ListaSimple.cpp">
      <Filter>Archivos de origen\Listas</Filter>
    </ClCompile>
    <ClCompile Include="menuDistribucion.cpp">
      <Filter>Archivos de origen\MenuListaSimple</Filter>
    </ClCompile>
    <ClCompile Include="menuBurbuja.cpp">
      <Filter>Archivos de origen\MenuListaSimple</Filter>
    </ClCompile>
    <ClCompile Include="menuIntercambio.cpp">
      <Filter>Archivos de origen\MenuListaSimple</Filter>
    </ClCompile>
    <ClCompile Include="menuRadix.cpp">
      <Filter>Archivos de origen\MenuListaSimple</Filter>
    </ClCompile>
    <ClCompile Include="menuQuickSort.cpp">
      <Filter>Archivos de origen\MenuListaSimple</Filter>
    </ClCompile>
    <ClCompile Include="menuShellSort.cpp">
      <Filter>Archivos de origen\MenuListaSimple</Filter>
    </ClCompile>
    <ClCompile Include="MenuPrincipalListaSimple.cpp">
      <Filter>Archivos de origen\MenuListaSimple</Filter>
    </ClCompile>
  </ItemGroup>
</Project>